
Microsoft Visual Studio Solution File, Format Version 12.00
# Visual Studio Version 17
VisualStudioVersion = 17.3.32929.385
MinimumVisualStudioVersion = 10.0.40219.1
Project("{FAE04EC0-301F-11D3-BF4B-00C04F79EFBC}") = "blackjack21", "blackjack21\blackjack21.csproj", "{6B37537D-3A28-4BF3-9691-B84E8A80BB3C}"
EndProject
Global
	GlobalSection(SolutionConfigurationPlatforms) = preSolution
		Debug|Any CPU = Debug|Any CPU
		Release|Any CPU = Release|Any CPU
	EndGlobalSection
	GlobalSection(ProjectConfigurationPlatforms) = postSolution
		{6B37537D-3A28-4BF3-9691-B84E8A80BB3C}.Debug|Any CPU.ActiveCfg = Debug|Any CPU
		{6B37537D-3A28-4BF3-9691-B84E8A80BB3C}.Debug|Any CPU.Build.0 = Debug|Any CPU
		{6B37537D-3A28-4BF3-9691-B84E8A80BB3C}.Release|Any CPU.ActiveCfg = Release|Any CPU
		{6B37537D-3A28-4BF3-9691-B84E8A80BB3C}.Release|Any CPU.Build.0 = Release|Any CPU
	EndGlobalSection
	GlobalSection(SolutionProperties) = preSolution
		HideSolutionNode = FALSE
	EndGlobalSection
	GlobalSection(ExtensibilityGlobals) = postSolution
		SolutionGuid = {33D95C76-7268-48F8-9642-0A76FF0D4666}
	EndGlobalSection
EndGlobal
